
Microsoft Visual Studio Solution File, Format Version 12.00
# Visual Studio Version 16
VisualStudioVersion = 16.0.30413.136
MinimumVisualStudioVersion = 10.0.40219.1
Project("{FAE04EC0-301F-11D3-BF4B-00C04F79EFBC}") = "xmlread", "xmlread.csproj", "{844ECCCD-B821-4ABC-BEF6-A44965EB80C1}"
EndProject
Global
	GlobalSection(SolutionConfigurationPlatforms) = preSolution
		Debug|Any CPU = Debug|Any CPU
		Release|Any CPU = Release|Any CPU
	EndGlobalSection
	GlobalSection(ProjectConfigurationPlatforms) = postSolution
		{844ECCCD-B821-4ABC-BEF6-A44965EB80C1}.Debug|Any CPU.ActiveCfg = Debug|Any CPU
		{844ECCCD-B821-4ABC-BEF6-A44965EB80C1}.Debug|Any CPU.Build.0 = Debug|Any CPU
		{844ECCCD-B821-4ABC-BEF6-A44965EB80C1}.Release|Any CPU.ActiveCfg = Release|Any CPU
		{844ECCCD-B821-4ABC-BEF6-A44965EB80C1}.Release|Any CPU.Build.0 = Release|Any CPU
	EndGlobalSection
	GlobalSection(SolutionProperties) = preSolution
		HideSolutionNode = FALSE
	EndGlobalSection
	GlobalSection(ExtensibilityGlobals) = postSolution
		SolutionGuid = {72A47B37-274B-4B6D-8324-51FEA9E53921}
	EndGlobalSection
EndGlobal
